
Microsoft Visual Studio Solution File, Format Version 12.00
# Visual Studio Version 16
VisualStudioVersion = 16.0.30002.166
MinimumVisualStudioVersion = 10.0.40219.1
Project("{FAE04EC0-301F-11D3-BF4B-00C04F79EFBC}") = "BayesianTaxiProblem", "BayesianTaxiProblem.csproj", "{F36C6D0A-02AB-4067-8DF9-ABFC34A20D7C}"
EndProject
Global
	GlobalSection(SolutionConfigurationPlatforms) = preSolution
		Debug|Any CPU = Debug|Any CPU
		Release|Any CPU = Release|Any CPU
	EndGlobalSection
	GlobalSection(ProjectConfigurationPlatforms) = postSolution
		{F36C6D0A-02AB-4067-8DF9-ABFC34A20D7C}.Debug|Any CPU.ActiveCfg = Debug|Any CPU
		{F36C6D0A-02AB-4067-8DF9-ABFC34A20D7C}.Debug|Any CPU.Build.0 = Debug|Any CPU
		{F36C6D0A-02AB-4067-8DF9-ABFC34A20D7C}.Release|Any CPU.ActiveCfg = Release|Any CPU
		{F36C6D0A-02AB-4067-8DF9-ABFC34A20D7C}.Release|Any CPU.Build.0 = Release|Any CPU
	EndGlobalSection
	GlobalSection(SolutionProperties) = preSolution
		HideSolutionNode = FALSE
	EndGlobalSection
	GlobalSection(ExtensibilityGlobals) = postSolution
		SolutionGuid = {2D18FA8F-3228-4882-9423-A6EB46E82E7C}
	EndGlobalSection
EndGlobal
